
Microsoft Visual Studio Solution File, Format Version 12.00
# Visual Studio 15
VisualStudioVersion = 15.0.28307.489
MinimumVisualStudioVersion = 10.0.40219.1
Project("{8BC9CEB8-8B4A-11D0-8D11-00A0C91BC942}") = "string", "string\string.vcxproj", "{7665BDBA-12A7-4C5B-99AA-9FCC690A0AD7}"
EndProject
Global
	GlobalSection(SolutionConfigurationPlatforms) = preSolution
		Debug|x64 = Debug|x64
		Debug|x86 = Debug|x86
		Release|x64 = Release|x64
		Release|x86 = Release|x86
	EndGlobalSection
	GlobalSection(ProjectConfigurationPlatforms) = postSolution
		{7665BDBA-12A7-4C5B-99AA-9FCC690A0AD7}.Debug|x64.ActiveCfg = Debug|x64
		{7665BDBA-12A7-4C5B-99AA-9FCC690A0AD7}.Debug|x64.Build.0 = Debug|x64
		{7665BDBA-12A7-4C5B-99AA-9FCC690A0AD7}.Debug|x86.ActiveCfg = Debug|Win32
		{7665BDBA-12A7-4C5B-99AA-9FCC690A0AD7}.Debug|x86.Build.0 = Debug|Win32
		{7665BDBA-12A7-4C5B-99AA-9FCC690A0AD7}.Release|x64.ActiveCfg = Release|x64
		{7665BDBA-12A7-4C5B-99AA-9FCC690A0AD7}.Release|x64.Build.0 = Release|x64
		{7665BDBA-12A7-4C5B-99AA-9FCC690A0AD7}.Release|x86.ActiveCfg = Release|Win32
		{7665BDBA-12A7-4C5B-99AA-9FCC690A0AD7}.Release|x86.Build.0 = Release|Win32
	EndGlobalSection
	GlobalSection(SolutionProperties) = preSolution
		HideSolutionNode = FALSE
	EndGlobalSection
	GlobalSection(ExtensibilityGlobals) = postSolution
		SolutionGuid = {98A32330-A0EB-4F43-93AC-3377157A467C}
	EndGlobalSection
EndGlobal
